
Microsoft Visual Studio Solution File, Format Version 12.00
# Visual Studio Version 17
VisualStudioVersion = 17.0.31903.59
MinimumVisualStudioVersion = 10.0.40219.1
Project("{FAE04EC0-301F-11D3-BF4B-00C04F79EFBC}") = "ApexRestaurant.Repository", "ApexRestaurant.Repository\ApexRestaurant.Repository.csproj", "{72291D02-C0E5-44DE-8F38-47BC0296B4FC}"
EndProject
Project("{FAE04EC0-301F-11D3-BF4B-00C04F79EFBC}") = "ApexRestaurant.Services", "ApexRestaurant.Services\ApexRestaurant.Services.csproj", "{978DBA85-01BF-43FA-9E5F-B3253AED4EAC}"
EndProject
Project("{FAE04EC0-301F-11D3-BF4B-00C04F79EFBC}") = "ApexRestaurant.Mvc", "ApexRestaurant.Mvc\ApexRestaurant.Mvc.csproj", "{EDC71D7D-8731-47AC-BDB4-CDEAAD7034E3}"
EndProject
Global
	GlobalSection(SolutionConfigurationPlatforms) = preSolution
		Debug|Any CPU = Debug|Any CPU
		Release|Any CPU = Release|Any CPU
	EndGlobalSection
	GlobalSection(SolutionProperties) = preSolution
		HideSolutionNode = FALSE
	EndGlobalSection
	GlobalSection(ProjectConfigurationPlatforms) = postSolution
		{72291D02-C0E5-44DE-8F38-47BC0296B4FC}.Debug|Any CPU.ActiveCfg = Debug|Any CPU
		{72291D02-C0E5-44DE-8F38-47BC0296B4FC}.Debug|Any CPU.Build.0 = Debug|Any CPU
		{72291D02-C0E5-44DE-8F38-47BC0296B4FC}.Release|Any CPU.ActiveCfg = Release|Any CPU
		{72291D02-C0E5-44DE-8F38-47BC0296B4FC}.Release|Any CPU.Build.0 = Release|Any CPU
		{978DBA85-01BF-43FA-9E5F-B3253AED4EAC}.Debug|Any CPU.ActiveCfg = Debug|Any CPU
		{978DBA85-01BF-43FA-9E5F-B3253AED4EAC}.Debug|Any CPU.Build.0 = Debug|Any CPU
		{978DBA85-01BF-43FA-9E5F-B3253AED4EAC}.Release|Any CPU.ActiveCfg = Release|Any CPU
		{978DBA85-01BF-43FA-9E5F-B3253AED4EAC}.Release|Any CPU.Build.0 = Release|Any CPU
		{EDC71D7D-8731-47AC-BDB4-CDEAAD7034E3}.Debug|Any CPU.ActiveCfg = Debug|Any CPU
		{EDC71D7D-8731-47AC-BDB4-CDEAAD7034E3}.Debug|Any CPU.Build.0 = Debug|Any CPU
		{EDC71D7D-8731-47AC-BDB4-CDEAAD7034E3}.Release|Any CPU.ActiveCfg = Release|Any CPU
		{EDC71D7D-8731-47AC-BDB4-CDEAAD7034E3}.Release|Any CPU.Build.0 = Release|Any CPU
	EndGlobalSection
EndGlobal
